
Microsoft Visual Studio Solution File, Format Version 12.00
# Visual Studio Version 17
VisualStudioVersion = 17.0.32126.317
MinimumVisualStudioVersion = 10.0.40219.1
Project("{FAE04EC0-301F-11D3-BF4B-00C04F79EFBC}") = "calculadoraJutos", "calculadoraJutos.csproj", "{4484F3B6-2940-4CD6-9053-453F61565FE9}"
EndProject
Global
	GlobalSection(SolutionConfigurationPlatforms) = preSolution
		Debug|Any CPU = Debug|Any CPU
		Release|Any CPU = Release|Any CPU
	EndGlobalSection
	GlobalSection(ProjectConfigurationPlatforms) = postSolution
		{4484F3B6-2940-4CD6-9053-453F61565FE9}.Debug|Any CPU.ActiveCfg = Debug|Any CPU
		{4484F3B6-2940-4CD6-9053-453F61565FE9}.Debug|Any CPU.Build.0 = Debug|Any CPU
		{4484F3B6-2940-4CD6-9053-453F61565FE9}.Release|Any CPU.ActiveCfg = Release|Any CPU
		{4484F3B6-2940-4CD6-9053-453F61565FE9}.Release|Any CPU.Build.0 = Release|Any CPU
	EndGlobalSection
	GlobalSection(SolutionProperties) = preSolution
		HideSolutionNode = FALSE
	EndGlobalSection
	GlobalSection(ExtensibilityGlobals) = postSolution
		SolutionGuid = {67295768-C6DA-4A1B-9D8E-B3947E5A6499}
	EndGlobalSection
EndGlobal
